
Microsoft Visual Studio Solution File, Format Version 12.00
# Visual Studio 15
VisualStudioVersion = 15.0.28307.779
MinimumVisualStudioVersion = 10.0.40219.1
Project("{FAE04EC0-301F-11D3-BF4B-00C04F79EFBC}") = "CalculatorFormsApp", "CalculatorFormsApp\CalculatorFormsApp.csproj", "{A0E42AE2-9A60-417E-BAE7-BA67DC8C9D8E}"
EndProject
Global
	GlobalSection(SolutionConfigurationPlatforms) = preSolution
		Debug|Any CPU = Debug|Any CPU
		Release|Any CPU = Release|Any CPU
	EndGlobalSection
	GlobalSection(ProjectConfigurationPlatforms) = postSolution
		{A0E42AE2-9A60-417E-BAE7-BA67DC8C9D8E}.Debug|Any CPU.ActiveCfg = Debug|Any CPU
		{A0E42AE2-9A60-417E-BAE7-BA67DC8C9D8E}.Debug|Any CPU.Build.0 = Debug|Any CPU
		{A0E42AE2-9A60-417E-BAE7-BA67DC8C9D8E}.Release|Any CPU.ActiveCfg = Release|Any CPU
		{A0E42AE2-9A60-417E-BAE7-BA67DC8C9D8E}.Release|Any CPU.Build.0 = Release|Any CPU
	EndGlobalSection
	GlobalSection(SolutionProperties) = preSolution
		HideSolutionNode = FALSE
	EndGlobalSection
	GlobalSection(ExtensibilityGlobals) = postSolution
		SolutionGuid = {26719452-4BEA-4295-AB77-FB9DE351C778}
	EndGlobalSection
EndGlobal
